
Microsoft Visual Studio Solution File, Format Version 12.00
# Visual Studio Version 16
VisualStudioVersion = 16.0.30523.141
MinimumVisualStudioVersion = 10.0.40219.1
Project("{9A19103F-16F7-4668-BE54-9A1E7A4F7556}") = "Client", "Client\Client.csproj", "{D7929CEE-E509-4CAD-8741-C5394FF47AFB}"
EndProject
Project("{9A19103F-16F7-4668-BE54-9A1E7A4F7556}") = "PuppetMaster", "PuppetMaster\PuppetMaster.csproj", "{B48771F4-974F-4313-B8B7-3A64A34D5E95}"
	ProjectSection(ProjectDependencies) = postProject
		{053E8A65-04CD-4EF0-98AB-46EAA161A12D} = {053E8A65-04CD-4EF0-98AB-46EAA161A12D}
	EndProjectSection
EndProject
Project("{9A19103F-16F7-4668-BE54-9A1E7A4F7556}") = "Server", "Server\Server.csproj", "{FA7B7338-0BB4-4671-B1C1-E0880A63D1B0}"
EndProject
Project("{9A19103F-16F7-4668-BE54-9A1E7A4F7556}") = "ProcessCreationService", "ProcessCreationService\ProcessCreationService.csproj", "{053E8A65-04CD-4EF0-98AB-46EAA161A12D}"
	ProjectSection(ProjectDependencies) = postProject
		{FA7B7338-0BB4-4671-B1C1-E0880A63D1B0} = {FA7B7338-0BB4-4671-B1C1-E0880A63D1B0}
		{D7929CEE-E509-4CAD-8741-C5394FF47AFB} = {D7929CEE-E509-4CAD-8741-C5394FF47AFB}
	EndProjectSection
EndProject
Global
	GlobalSection(SolutionConfigurationPlatforms) = preSolution
		Debug|Any CPU = Debug|Any CPU
		Release|Any CPU = Release|Any CPU
	EndGlobalSection
	GlobalSection(ProjectConfigurationPlatforms) = postSolution
		{D7929CEE-E509-4CAD-8741-C5394FF47AFB}.Debug|Any CPU.ActiveCfg = Debug|Any CPU
		{D7929CEE-E509-4CAD-8741-C5394FF47AFB}.Debug|Any CPU.Build.0 = Debug|Any CPU
		{D7929CEE-E509-4CAD-8741-C5394FF47AFB}.Release|Any CPU.ActiveCfg = Release|Any CPU
		{D7929CEE-E509-4CAD-8741-C5394FF47AFB}.Release|Any CPU.Build.0 = Release|Any CPU
		{B48771F4-974F-4313-B8B7-3A64A34D5E95}.Debug|Any CPU.ActiveCfg = Debug|Any CPU
		{B48771F4-974F-4313-B8B7-3A64A34D5E95}.Debug|Any CPU.Build.0 = Debug|Any CPU
		{B48771F4-974F-4313-B8B7-3A64A34D5E95}.Release|Any CPU.ActiveCfg = Release|Any CPU
		{B48771F4-974F-4313-B8B7-3A64A34D5E95}.Release|Any CPU.Build.0 = Release|Any CPU
		{FA7B7338-0BB4-4671-B1C1-E0880A63D1B0}.Debug|Any CPU.ActiveCfg = Debug|Any CPU
		{FA7B7338-0BB4-4671-B1C1-E0880A63D1B0}.Debug|Any CPU.Build.0 = Debug|Any CPU
		{FA7B7338-0BB4-4671-B1C1-E0880A63D1B0}.Release|Any CPU.ActiveCfg = Release|Any CPU
		{FA7B7338-0BB4-4671-B1C1-E0880A63D1B0}.Release|Any CPU.Build.0 = Release|Any CPU
		{053E8A65-04CD-4EF0-98AB-46EAA161A12D}.Debug|Any CPU.ActiveCfg = Debug|Any CPU
		{053E8A65-04CD-4EF0-98AB-46EAA161A12D}.Debug|Any CPU.Build.0 = Debug|Any CPU
		{053E8A65-04CD-4EF0-98AB-46EAA161A12D}.Release|Any CPU.ActiveCfg = Release|Any CPU
		{053E8A65-04CD-4EF0-98AB-46EAA161A12D}.Release|Any CPU.Build.0 = Release|Any CPU
	EndGlobalSection
	GlobalSection(SolutionProperties) = preSolution
		HideSolutionNode = FALSE
	EndGlobalSection
	GlobalSection(ExtensibilityGlobals) = postSolution
		SolutionGuid = {CF8B678B-7C9E-437A-807C-6944ECA8380F}
	EndGlobalSection
EndGlobal
